
Microsoft Visual Studio Solution File, Format Version 12.00
# Visual Studio 14
VisualStudioVersion = 14.0.25420.1
MinimumVisualStudioVersion = 10.0.40219.1
Project("{FAE04EC0-301F-11D3-BF4B-00C04F79EFBC}") = "ConferenceRegistration", "ConferenceRegistration\ConferenceRegistration.csproj", "{ABF8E96B-F6EA-4F50-B51F-549D02DAC8A1}"
EndProject
Project("{FAE04EC0-301F-11D3-BF4B-00C04F79EFBC}") = "ConfReg.Domain", "ConfReg.Domain\ConfReg.Domain.csproj", "{7B6E6ABA-5BD3-4110-8F1E-8C4E064FAC71}"
EndProject
Project("{FAE04EC0-301F-11D3-BF4B-00C04F79EFBC}") = "ConfReg.DataAcess", "ConfReg.DataAcess\ConfReg.DataAcess.csproj", "{6456EDB6-E102-471A-BF42-991B4881EB7D}"
EndProject
Global
	GlobalSection(SolutionConfigurationPlatforms) = preSolution
		Debug|Any CPU = Debug|Any CPU
		Release|Any CPU = Release|Any CPU
	EndGlobalSection
	GlobalSection(ProjectConfigurationPlatforms) = postSolution
		{ABF8E96B-F6EA-4F50-B51F-549D02DAC8A1}.Debug|Any CPU.ActiveCfg = Debug|Any CPU
		{ABF8E96B-F6EA-4F50-B51F-549D02DAC8A1}.Debug|Any CPU.Build.0 = Debug|Any CPU
		{ABF8E96B-F6EA-4F50-B51F-549D02DAC8A1}.Release|Any CPU.ActiveCfg = Release|Any CPU
		{ABF8E96B-F6EA-4F50-B51F-549D02DAC8A1}.Release|Any CPU.Build.0 = Release|Any CPU
		{7B6E6ABA-5BD3-4110-8F1E-8C4E064FAC71}.Debug|Any CPU.ActiveCfg = Debug|Any CPU
		{7B6E6ABA-5BD3-4110-8F1E-8C4E064FAC71}.Debug|Any CPU.Build.0 = Debug|Any CPU
		{7B6E6ABA-5BD3-4110-8F1E-8C4E064FAC71}.Release|Any CPU.ActiveCfg = Release|Any CPU
		{7B6E6ABA-5BD3-4110-8F1E-8C4E064FAC71}.Release|Any CPU.Build.0 = Release|Any CPU
		{6456EDB6-E102-471A-BF42-991B4881EB7D}.Debug|Any CPU.ActiveCfg = Debug|Any CPU
		{6456EDB6-E102-471A-BF42-991B4881EB7D}.Debug|Any CPU.Build.0 = Debug|Any CPU
		{6456EDB6-E102-471A-BF42-991B4881EB7D}.Release|Any CPU.ActiveCfg = Release|Any CPU
		{6456EDB6-E102-471A-BF42-991B4881EB7D}.Release|Any CPU.Build.0 = Release|Any CPU
	EndGlobalSection
	GlobalSection(SolutionProperties) = preSolution
		HideSolutionNode = FALSE
	EndGlobalSection
EndGlobal
